
Microsoft Visual Studio Solution File, Format Version 12.00
# Visual Studio 15
VisualStudioVersion = 15.0.28010.2003
MinimumVisualStudioVersion = 10.0.40219.1
Project("{FAE04EC0-301F-11D3-BF4B-00C04F79EFBC}") = "WinRar_unlocker", "WinRar_unlocker\WinRar_unlocker.csproj", "{556E93C4-7208-40E0-B51B-6B28CE25356B}"
EndProject
Project("{FAE04EC0-301F-11D3-BF4B-00C04F79EFBC}") = "GUI", "GUI\GUI.csproj", "{2563571A-01D5-4E56-8F0C-7CC882C977D1}"
EndProject
Global
	GlobalSection(SolutionConfigurationPlatforms) = preSolution
		Debug|Any CPU = Debug|Any CPU
		Release|Any CPU = Release|Any CPU
	EndGlobalSection
	GlobalSection(ProjectConfigurationPlatforms) = postSolution
		{556E93C4-7208-40E0-B51B-6B28CE25356B}.Debug|Any CPU.ActiveCfg = Debug|Any CPU
		{556E93C4-7208-40E0-B51B-6B28CE25356B}.Debug|Any CPU.Build.0 = Debug|Any CPU
		{556E93C4-7208-40E0-B51B-6B28CE25356B}.Release|Any CPU.ActiveCfg = Release|Any CPU
		{556E93C4-7208-40E0-B51B-6B28CE25356B}.Release|Any CPU.Build.0 = Release|Any CPU
		{2563571A-01D5-4E56-8F0C-7CC882C977D1}.Debug|Any CPU.ActiveCfg = Debug|Any CPU
		{2563571A-01D5-4E56-8F0C-7CC882C977D1}.Debug|Any CPU.Build.0 = Debug|Any CPU
		{2563571A-01D5-4E56-8F0C-7CC882C977D1}.Release|Any CPU.ActiveCfg = Release|Any CPU
		{2563571A-01D5-4E56-8F0C-7CC882C977D1}.Release|Any CPU.Build.0 = Release|Any CPU
	EndGlobalSection
	GlobalSection(SolutionProperties) = preSolution
		HideSolutionNode = FALSE
	EndGlobalSection
	GlobalSection(ExtensibilityGlobals) = postSolution
		SolutionGuid = {A67F83A1-F916-46A2-9F15-566580C205C9}
	EndGlobalSection
EndGlobal
